{
  "version": 4,
  "terraform_version": "1.1.7",
  "serial": 17,
  "lineage": "e1c20129-3839-d5bc-f116-2c0bb947aee8",
  "outputs": {
    "tls_private_key": {
      "value": "-----BEGIN RSA PRIVATE KEY-----\nMIIJKAIBAAKCAgEA09fDmG89GUGA8KlbYlTADGBzWtQS0ucVvbRC5oto5f3AjPUU\naplMj3mjFWg5DUo+vGd1SkLyIeIZFGTSRdSu/JQquuKS6gRDvfthrqsFZ8HRmlAE\nch/J/VgcMLuFAsyjCV3FqNkfmRKsIvrr3wm3v/xnmE3Q+oDf8ezvClWvf4XwuSol\nEy46DalgdjlEd4lyxXo7Hp50GvIirwIdi1zjrPqt0NI3mewmVTsMzZ9/lkzYpK92\nAF9pTAE/Jt0nzT8BUYVOBy68r0N3UaVKjYmK1wwYEJ1xyrcLVlMQXywzTgm64/xR\n/bXed/PijAF6kupxkm6QwCrjgxnygLnsChdBV4BPv4qMVYDTBoXhDZSqcq87MzAS\nKRuxcSP8XYKxwjDMBUHPykJWg+BTpiMy6RxA7ebOSrsJYObwNwwnAYUhuvalVs50\n7eH8PWzwcxsKxisLj20d/3uwiTMO/s5xDHwt9sb4M/ls5rx1W8Z8/FPS1dYoiBZG\n3b5hrALYl1P1uTGjixpd3hdSnw0YHGMJ/VkwNliTW21LB1pCU6ghnkYWPnjs39Jp\nBTu6VTFQJrgI0QB8AUGqvZ8KaBK3NlF6QGyQRJpUXUx5PjJlCwilFRsTFlN3bvRL\nOKOlXS0XA0rfakdu/ohcNROPOYfGcGN2RzwskX6puR5TWZ1iJ4s6G3vBNPsCAwEA\nAQKCAgAKX3FDYIcEWpG+tvwzh2TT9lEPrHyzeP82h8IS2dasFE2+WS3DvnfiOpmC\nrdTFUtJZlVNH7JlAkXqa5gjpxG1BDtw8xGVfMhBDGDEDRXqBRxtFTA+7qtTQI+VV\neYkcxvpgtge8qc0DSMfG+rRb+nTV4L0N1xmZen/8r5ZQ0jtCqkNMPcUM+GF9U8LW\nZx10IPXOt5p3eFjFDQAnw5nAvi6jxK6IIBL65XZHDBonY1zy9hZRkgncIM/eGd2G\nwKN3SFN/M2DLtz0j89C+3bIV1htHRl9TSPJOc8IJWw3dKyPj+VP+X9d/7czT4MxC\nALyIvxQKkIFj93WmcLnQFcp6AAOB934VeAxxFdOlMVqhKJVxyjmgB2mNixhrl4+M\nBwzQeJUjajpCLJXJlaWn29zkO+fTwvpJZgr4drz3rYbAvb88ySrWTobfZSvrLQDU\nMUuFR7qm3YPe38tu6nt0XBiMMGk+awNF07Q/QhkkspzvMNaOz8U/CG9JXsmLTiJd\nz+bcLIYVk2q5mEuU4cROxPfnvJC3KtD0yeq+aQrT0m8SGhqpAiqbbrlwiECax8QX\nhHFbUy9N0UA0FiGlImlu7YQvqIP3ktv7shWagV2RLuno3juxPZ6f4qxaZmII9Ju0\n5ozrUo18QPMi8CLJ0UVWsDRj7ig6mrnIBSL2+JPxukborKRhyQKCAQEA9jX24aJY\ngsvrOLbJ9Ns9Y8CDBswlDyOGfhAtXSiITugE1jwbiF6lwaEy3VP082IVxGyDrja1\nZrzhOxBtk4SdIEPOu1BdunB6HOQwVNJ9GTOSjDCtasv9Zc/qu9bMInVfOaLz03Zd\nl05pjtMxkmar6LCHO0vgSIpZ8X1EQucwvO80z6o9opjFD+BqoerCWfo70hwbFWmS\nhRHDy/LL8y3C0av3tYAlh23dyiKWXcTiZDwmNPaoW7kXq5kXZ3lzrLoPvnK14Cfg\ntBmMr5HndtR+QEl3gIABZHpNlMfD2WEGFyEArZH7N9gKpnLKtV9kyKnmR/eJ3/eE\nsoAkGV1O0OVr7QKCAQEA3EP8+2i9tXQUHyYTLvVkEdkfSSMoS5R7rob8Uxm87A2l\nDEVj/TjfCuS/k6wMllFZTn53fMxoMYHhi1R2Yw5vamUVaH0KXgH2dIFGrGU7pcDO\nMlG6Hr/K6TfU2LFdEq+rtwAkjDq/NJi49T1QFCt+YkFz1mhgxmva/QpG1u0uR18M\nigT/OlDus/fpLSoGEXGDN+CBxPilHTVHkAF3XZ32rmJdW03t2WIprAjYMBL35qFC\n8/ipx0m21IZH184g2084EFRTu6u0NkBw09eacbOqt7AKVdviEUM0uBZTw/7/8+4J\nd5kDbfdTkn739xPsD3WGXGYtvAGtOcmoUsdsaf8XhwKCAQBPU0Wunrq7sW2gwSvC\nSxy1VeIhP4a1IPIFDbs/5347Rf/A8m7AehYXk5MqwhEKlVCED55Bc/jwF+zNNdbI\nD5L8QTyLFzKLjg+Z3V9BBOwvQXF233wQC5chxWJQkL0GYSCEFl9OgzVWOXpC/QJc\ns92xQ6beUOz7EjA2YPCsSYZnaP5v5d6j02qyWdChSFzD1p6NbGbBeFkvrHCT9i8F\ns3mwSiKuBJKS1q/9nzUpEvUJ7GM27z2BB9p7fACRYw0E2pGV/6lfhhmcjRrJuk2D\n+KSQm9r3uMY6FDmItPAByoPG0ehBA+aXsHCF/jgXRZvYFv1NtJBka4ACbsyyq2Bo\nZ3JlAoIBAAVXLKoX1wmwP9Clhq+LyZpZLlYCoTZ76ifIJBQLurXqesb6Y7s/BsFn\n3HFDKab3X/f0PwdqmVgh8wsCyEAMmIz22HcJGRhAae5XOBRz++c/7n/v1VhrhAr1\njJaYbk5Grh4oxboUrpAi59EiZG+owk61kY5wR3BoKw4ZkrAhXg7i8hXimyGZ1r/M\nUf4DV9RScUEIk3zoHnC/2vVV48QEUXfW8LaHBC5SH/qI2F0KCLKx1ELAE7W+Rs2O\nV+2WlNtcZ1qWANW7CwqJs3KfdqItHgWIIigExc1vWLbh67QD2cbbTaV1s0yWQ5N4\nuqBl/kI9sj1JSPCXBdEx33/qT+meAr8CggEBAOZ7Na7ocDF2wx18EtBjernaJl+I\npq4WLHccZ8XCN1kgSPPLGr2oNMGeLMfyu3yjuGKrWnN2jgrYetsgDkqg07+LsnHt\nKhrLD8QO4DqM/+FOhvnlXGMpbskgFlXiCNqrsW9deKfkeH7uK4S0SNvljN4GDG21\n0QN6WqHi5BmcJeJqExD/GZWlfEcITlx98rSNKQtwGNaoqDS9AbIL7yd9KoidRtVb\n4t0dKSWgJzrjmedyFbba0AM9vU2xt1/2QvA0F72zXfLzqNafJYRyrA62/zcFKsy2\nbhVjH6rmUOXoqYPoi3uel2mLR698vXaa4uE8KdgxX+4+kOBwB2ZzXK67SyA=\n-----END RSA PRIVATE KEY-----\n",
      "type": "string",
      "sensitive": true
    }
  },
  "resources": [
    {
      "mode": "managed",
      "type": "azurerm_linux_virtual_machine",
      "name": "linuxvm",
      "provider": "provider[\"registry.terraform.io/hashicorp/azurerm\"]",
      "instances": [
        {
          "schema_version": 0,
          "attributes": {
            "additional_capabilities": [],
            "admin_password": null,
            "admin_ssh_key": [
              {
                "public_key": "ssh-rsa AAAAB3NzaC1yc2EAAAADAQABAAACAQDT18OYbz0ZQYDwqVtiVMAMYHNa1BLS5xW9tELmi2jl/cCM9RRqmUyPeaMVaDkNSj68Z3VKQvIh4hkUZNJF1K78lCq64pLqBEO9+2GuqwVnwdGaUARyH8n9WBwwu4UCzKMJXcWo2R+ZEqwi+uvfCbe//GeYTdD6gN/x7O8KVa9/hfC5KiUTLjoNqWB2OUR3iXLFejsennQa8iKvAh2LXOOs+q3Q0jeZ7CZVOwzNn3+WTNikr3YAX2lMAT8m3SfNPwFRhU4HLryvQ3dRpUqNiYrXDBgQnXHKtwtWUxBfLDNOCbrj/FH9td538+KMAXqS6nGSbpDAKuODGfKAuewKF0FXgE+/ioxVgNMGheENlKpyrzszMBIpG7FxI/xdgrHCMMwFQc/KQlaD4FOmIzLpHEDt5s5Kuwlg5vA3DCcBhSG69qVWznTt4fw9bPBzGwrGKwuPbR3/e7CJMw7+znEMfC32xvgz+WzmvHVbxnz8U9LV1iiIFkbdvmGsAtiXU/W5MaOLGl3eF1KfDRgcYwn9WTA2WJNbbUsHWkJTqCGeRhY+eOzf0mkFO7pVMVAmuAjRAHwBQaq9nwpoErc2UXpAbJBEmlRdTHk+MmULCKUVGxMWU3du9Es4o6VdLRcDSt9qR27+iFw1E485h8ZwY3ZHPCyRfqm5HlNZnWInizobe8E0+w==\n",
                "username": "VMadmin"
              }
            ],
            "admin_username": "VMadmin",
            "allow_extension_operations": true,
            "availability_set_id": "",
            "boot_diagnostics": [
              {
                "storage_account_uri": "https://diag2623dedb07e59b33.blob.core.windows.net/"
              }
            ],
            "computer_name": "TestEnvironmentVM",
            "custom_data": null,
            "dedicated_host_group_id": "",
            "dedicated_host_id": "",
            "disable_password_authentication": true,
            "encryption_at_host_enabled": false,
            "eviction_policy": "",
            "extensions_time_budget": "PT1H30M",
            "id": "/subscriptions/41e50375-b926-4bc4-9045-348f359cf721/resourceGroups/pers-niels_deen-rg/providers/Microsoft.Compute/virtualMachines/linuxvmtest",
            "identity": [],
            "license_type": "",
            "location": "westeurope",
            "max_bid_price": -1,
            "name": "linuxvmtest",
            "network_interface_ids": [
              "/subscriptions/41e50375-b926-4bc4-9045-348f359cf721/resourceGroups/pers-niels_deen-rg/providers/Microsoft.Network/networkInterfaces/nictest"
            ],
            "os_disk": [
              {
                "caching": "ReadWrite",
                "diff_disk_settings": [],
                "disk_encryption_set_id": "",
                "disk_size_gb": 30,
                "name": "myOsDisk",
                "storage_account_type": "Premium_LRS",
                "write_accelerator_enabled": false
              }
            ],
            "patch_mode": "ImageDefault",
            "plan": [],
            "platform_fault_domain": -1,
            "priority": "Regular",
            "private_ip_address": "10.0.1.4",
            "private_ip_addresses": [
              "10.0.1.4"
            ],
            "provision_vm_agent": true,
            "proximity_placement_group_id": "",
            "public_ip_address": "20.107.14.159",
            "public_ip_addresses": [
              "20.107.14.159"
            ],
            "resource_group_name": "pers-niels_deen-rg",
            "secret": [],
            "secure_boot_enabled": false,
            "size": "Standard_DS1_v2",
            "source_image_id": "",
            "source_image_reference": [
              {
                "offer": "0001-com-ubuntu-server-focal",
                "publisher": "Canonical",
                "sku": "20_04-lts-gen2",
                "version": "latest"
              }
            ],
            "tags": {
              "environment": "Test"
            },
            "timeouts": null,
            "user_data": "",
            "virtual_machine_id": "54456895-8a91-41ca-af60-d1b8b4502245",
            "virtual_machine_scale_set_id": "",
            "vtpm_enabled": false,
            "zone": ""
          },
          "sensitive_attributes": [],
          "private": "eyJlMmJmYjczMC1lY2FhLTExZTYtOGY4OC0zNDM2M2JjN2M0YzAiOnsiY3JlYXRlIjoyNzAwMDAwMDAwMDAwLCJkZWxldGUiOjI3MDAwMDAwMDAwMDAsInJlYWQiOjMwMDAwMDAwMDAwMCwidXBkYXRlIjoyNzAwMDAwMDAwMDAwfX0=",
          "dependencies": [
            "azurerm_network_interface.nic",
            "azurerm_storage_account.storage",
            "tls_private_key.ssh_rsa"
          ]
        }
      ]
    },
    {
      "mode": "managed",
      "type": "azurerm_network_interface",
      "name": "nic",
      "provider": "provider[\"registry.terraform.io/hashicorp/azurerm\"]",
      "instances": [
        {
          "schema_version": 0,
          "attributes": {
            "applied_dns_servers": [],
            "dns_servers": [],
            "enable_accelerated_networking": false,
            "enable_ip_forwarding": false,
            "id": "/subscriptions/41e50375-b926-4bc4-9045-348f359cf721/resourceGroups/pers-niels_deen-rg/providers/Microsoft.Network/networkInterfaces/nictest",
            "internal_dns_name_label": "",
            "internal_domain_name_suffix": "roxx4l3fcpauhc1g1snrk5tiwb.ax.internal.cloudapp.net",
            "ip_configuration": [
              {
                "gateway_load_balancer_frontend_ip_configuration_id": "",
                "name": "myNicConfiguration",
                "primary": true,
                "private_ip_address": "10.0.1.4",
                "private_ip_address_allocation": "Dynamic",
                "private_ip_address_version": "IPv4",
                "public_ip_address_id": "/subscriptions/41e50375-b926-4bc4-9045-348f359cf721/resourceGroups/pers-niels_deen-rg/providers/Microsoft.Network/publicIPAddresses/publiciptest",
                "subnet_id": "/subscriptions/41e50375-b926-4bc4-9045-348f359cf721/resourceGroups/pers-niels_deen-rg/providers/Microsoft.Network/virtualNetworks/vnettest/subnets/subnettest"
              }
            ],
            "location": "westeurope",
            "mac_address": "",
            "name": "nictest",
            "private_ip_address": "10.0.1.4",
            "private_ip_addresses": [
              "10.0.1.4"
            ],
            "resource_group_name": "pers-niels_deen-rg",
            "tags": {
              "environment": "Test"
            },
            "timeouts": null,
            "virtual_machine_id": ""
          },
          "sensitive_attributes": [],
          "private": "eyJlMmJmYjczMC1lY2FhLTExZTYtOGY4OC0zNDM2M2JjN2M0YzAiOnsiY3JlYXRlIjoxODAwMDAwMDAwMDAwLCJkZWxldGUiOjE4MDAwMDAwMDAwMDAsInJlYWQiOjMwMDAwMDAwMDAwMCwidXBkYXRlIjoxODAwMDAwMDAwMDAwfX0=",
          "dependencies": [
            "azurerm_public_ip.public_ip",
            "azurerm_subnet.subnet",
            "azurerm_virtual_network.vnet"
          ]
        }
      ]
    },
    {
      "mode": "managed",
      "type": "azurerm_network_interface_security_group_association",
      "name": "association",
      "provider": "provider[\"registry.terraform.io/hashicorp/azurerm\"]",
      "instances": [
        {
          "schema_version": 0,
          "attributes": {
            "id": "/subscriptions/41e50375-b926-4bc4-9045-348f359cf721/resourceGroups/pers-niels_deen-rg/providers/Microsoft.Network/networkInterfaces/nictest|/subscriptions/41e50375-b926-4bc4-9045-348f359cf721/resourceGroups/pers-niels_deen-rg/providers/Microsoft.Network/networkSecurityGroups/nsgtest",
            "network_interface_id": "/subscriptions/41e50375-b926-4bc4-9045-348f359cf721/resourceGroups/pers-niels_deen-rg/providers/Microsoft.Network/networkInterfaces/nictest",
            "network_security_group_id": "/subscriptions/41e50375-b926-4bc4-9045-348f359cf721/resourceGroups/pers-niels_deen-rg/providers/Microsoft.Network/networkSecurityGroups/nsgtest",
            "timeouts": null
          },
          "sensitive_attributes": [],
          "private": "eyJlMmJmYjczMC1lY2FhLTExZTYtOGY4OC0zNDM2M2JjN2M0YzAiOnsiY3JlYXRlIjoxODAwMDAwMDAwMDAwLCJkZWxldGUiOjE4MDAwMDAwMDAwMDAsInJlYWQiOjMwMDAwMDAwMDAwMCwidXBkYXRlIjoxODAwMDAwMDAwMDAwfX0=",
          "dependencies": [
            "azurerm_network_interface.nic",
            "azurerm_network_security_group.nsg",
            "azurerm_public_ip.public_ip",
            "azurerm_subnet.subnet",
            "azurerm_virtual_network.vnet"
          ]
        }
      ]
    },
    {
      "mode": "managed",
      "type": "azurerm_network_security_group",
      "name": "nsg",
      "provider": "provider[\"registry.terraform.io/hashicorp/azurerm\"]",
      "instances": [
        {
          "schema_version": 0,
          "attributes": {
            "id": "/subscriptions/41e50375-b926-4bc4-9045-348f359cf721/resourceGroups/pers-niels_deen-rg/providers/Microsoft.Network/networkSecurityGroups/nsgtest",
            "location": "westeurope",
            "name": "nsgtest",
            "resource_group_name": "pers-niels_deen-rg",
            "security_rule": [
              {
                "access": "Allow",
                "description": "",
                "destination_address_prefix": "*",
                "destination_address_prefixes": [],
                "destination_application_security_group_ids": [],
                "destination_port_range": "22",
                "destination_port_ranges": [],
                "direction": "Inbound",
                "name": "SSH",
                "priority": 1001,
                "protocol": "Tcp",
                "source_address_prefix": "*",
                "source_address_prefixes": [],
                "source_application_security_group_ids": [],
                "source_port_range": "*",
                "source_port_ranges": []
              }
            ],
            "tags": {
              "environment": "Test"
            },
            "timeouts": null
          },
          "sensitive_attributes": [],
          "private": "eyJlMmJmYjczMC1lY2FhLTExZTYtOGY4OC0zNDM2M2JjN2M0YzAiOnsiY3JlYXRlIjoxODAwMDAwMDAwMDAwLCJkZWxldGUiOjE4MDAwMDAwMDAwMDAsInJlYWQiOjMwMDAwMDAwMDAwMCwidXBkYXRlIjoxODAwMDAwMDAwMDAwfX0="
        }
      ]
    },
    {
      "mode": "managed",
      "type": "azurerm_public_ip",
      "name": "public_ip",
      "provider": "provider[\"registry.terraform.io/hashicorp/azurerm\"]",
      "instances": [
        {
          "schema_version": 0,
          "attributes": {
            "allocation_method": "Dynamic",
            "availability_zone": "No-Zone",
            "domain_name_label": null,
            "fqdn": null,
            "id": "/subscriptions/41e50375-b926-4bc4-9045-348f359cf721/resourceGroups/pers-niels_deen-rg/providers/Microsoft.Network/publicIPAddresses/publiciptest",
            "idle_timeout_in_minutes": 4,
            "ip_address": "",
            "ip_tags": {},
            "ip_version": "IPv4",
            "location": "westeurope",
            "name": "publiciptest",
            "public_ip_prefix_id": null,
            "resource_group_name": "pers-niels_deen-rg",
            "reverse_fqdn": null,
            "sku": "Basic",
            "sku_tier": "Regional",
            "tags": {
              "environment": "Test"
            },
            "timeouts": null,
            "zones": []
          },
          "sensitive_attributes": [],
          "private": "eyJlMmJmYjczMC1lY2FhLTExZTYtOGY4OC0zNDM2M2JjN2M0YzAiOnsiY3JlYXRlIjoxODAwMDAwMDAwMDAwLCJkZWxldGUiOjE4MDAwMDAwMDAwMDAsInJlYWQiOjMwMDAwMDAwMDAwMCwidXBkYXRlIjoxODAwMDAwMDAwMDAwfX0="
        }
      ]
    },
    {
      "mode": "managed",
      "type": "azurerm_storage_account",
      "name": "storage",
      "provider": "provider[\"registry.terraform.io/hashicorp/azurerm\"]",
      "instances": [
        {
          "schema_version": 2,
          "attributes": {
            "access_tier": "Hot",
            "account_kind": "StorageV2",
            "account_replication_type": "LRS",
            "account_tier": "Standard",
            "allow_blob_public_access": false,
            "azure_files_authentication": [],
            "blob_properties": [
              {
                "change_feed_enabled": false,
                "container_delete_retention_policy": [],
                "cors_rule": [],
                "default_service_version": "",
                "delete_retention_policy": [],
                "last_access_time_enabled": false,
                "versioning_enabled": false
              }
            ],
            "custom_domain": [],
            "customer_managed_key": [],
            "enable_https_traffic_only": true,
            "id": "/subscriptions/41e50375-b926-4bc4-9045-348f359cf721/resourceGroups/pers-niels_deen-rg/providers/Microsoft.Storage/storageAccounts/diag2623dedb07e59b33",
            "identity": [],
            "infrastructure_encryption_enabled": false,
            "is_hns_enabled": false,
            "large_file_share_enabled": null,
            "location": "westeurope",
            "min_tls_version": "TLS1_0",
            "name": "diag2623dedb07e59b33",
            "network_rules": [
              {
                "bypass": [
                  "AzureServices"
                ],
                "default_action": "Allow",
                "ip_rules": [],
                "private_link_access": [],
                "virtual_network_subnet_ids": []
              }
            ],
            "nfsv3_enabled": false,
            "primary_access_key": "blX8KKXI1HVqZqjcwyuiQgCuMYH0Tfm1Nj88nV8HzJX9kv8xR+b7IUcTN2D7k3bRnaJJ5GjV238gIJ+ugBd34g==",
            "primary_blob_connection_string": "DefaultEndpointsProtocol=https;BlobEndpoint=https://diag2623dedb07e59b33.blob.core.windows.net/;AccountName=diag2623dedb07e59b33;AccountKey=blX8KKXI1HVqZqjcwyuiQgCuMYH0Tfm1Nj88nV8HzJX9kv8xR+b7IUcTN2D7k3bRnaJJ5GjV238gIJ+ugBd34g==",
            "primary_blob_endpoint": "https://diag2623dedb07e59b33.blob.core.windows.net/",
            "primary_blob_host": "diag2623dedb07e59b33.blob.core.windows.net",
            "primary_connection_string": "DefaultEndpointsProtocol=https;AccountName=diag2623dedb07e59b33;AccountKey=blX8KKXI1HVqZqjcwyuiQgCuMYH0Tfm1Nj88nV8HzJX9kv8xR+b7IUcTN2D7k3bRnaJJ5GjV238gIJ+ugBd34g==;EndpointSuffix=core.windows.net",
            "primary_dfs_endpoint": "https://diag2623dedb07e59b33.dfs.core.windows.net/",
            "primary_dfs_host": "diag2623dedb07e59b33.dfs.core.windows.net",
            "primary_file_endpoint": "https://diag2623dedb07e59b33.file.core.windows.net/",
            "primary_file_host": "diag2623dedb07e59b33.file.core.windows.net",
            "primary_location": "westeurope",
            "primary_queue_endpoint": "https://diag2623dedb07e59b33.queue.core.windows.net/",
            "primary_queue_host": "diag2623dedb07e59b33.queue.core.windows.net",
            "primary_table_endpoint": "https://diag2623dedb07e59b33.table.core.windows.net/",
            "primary_table_host": "diag2623dedb07e59b33.table.core.windows.net",
            "primary_web_endpoint": "https://diag2623dedb07e59b33.z6.web.core.windows.net/",
            "primary_web_host": "diag2623dedb07e59b33.z6.web.core.windows.net",
            "queue_encryption_key_type": "Service",
            "queue_properties": [
              {
                "cors_rule": [],
                "hour_metrics": [
                  {
                    "enabled": true,
                    "include_apis": true,
                    "retention_policy_days": 7,
                    "version": "1.0"
                  }
                ],
                "logging": [
                  {
                    "delete": false,
                    "read": false,
                    "retention_policy_days": 0,
                    "version": "1.0",
                    "write": false
                  }
                ],
                "minute_metrics": [
                  {
                    "enabled": false,
                    "include_apis": false,
                    "retention_policy_days": 0,
                    "version": "1.0"
                  }
                ]
              }
            ],
            "resource_group_name": "pers-niels_deen-rg",
            "routing": [],
            "secondary_access_key": "Nn63wM0FLywNGrYSltPZP3SVySuuo5bUE1aIEd012A73Uc6xSmb8kr9pBCQH+ewX/aWrJX3g9GbOAnHqzhwfXw==",
            "secondary_blob_connection_string": "",
            "secondary_blob_endpoint": null,
            "secondary_blob_host": null,
            "secondary_connection_string": "DefaultEndpointsProtocol=https;AccountName=diag2623dedb07e59b33;AccountKey=Nn63wM0FLywNGrYSltPZP3SVySuuo5bUE1aIEd012A73Uc6xSmb8kr9pBCQH+ewX/aWrJX3g9GbOAnHqzhwfXw==;EndpointSuffix=core.windows.net",
            "secondary_dfs_endpoint": null,
            "secondary_dfs_host": null,
            "secondary_file_endpoint": null,
            "secondary_file_host": null,
            "secondary_location": "",
            "secondary_queue_endpoint": null,
            "secondary_queue_host": null,
            "secondary_table_endpoint": null,
            "secondary_table_host": null,
            "secondary_web_endpoint": null,
            "secondary_web_host": null,
            "share_properties": [
              {
                "cors_rule": [],
                "retention_policy": [
                  {
                    "days": 7
                  }
                ],
                "smb": []
              }
            ],
            "shared_access_key_enabled": true,
            "static_website": [],
            "table_encryption_key_type": "Service",
            "tags": {
              "environment": "Test"
            },
            "timeouts": null
          },
          "sensitive_attributes": [],
          "private": "eyJlMmJmYjczMC1lY2FhLTExZTYtOGY4OC0zNDM2M2JjN2M0YzAiOnsiY3JlYXRlIjozNjAwMDAwMDAwMDAwLCJkZWxldGUiOjM2MDAwMDAwMDAwMDAsInJlYWQiOjMwMDAwMDAwMDAwMCwidXBkYXRlIjozNjAwMDAwMDAwMDAwfSwic2NoZW1hX3ZlcnNpb24iOiIyIn0=",
          "dependencies": [
            "random_id.randomID"
          ]
        }
      ]
    },
    {
      "mode": "managed",
      "type": "azurerm_subnet",
      "name": "subnet",
      "provider": "provider[\"registry.terraform.io/hashicorp/azurerm\"]",
      "instances": [
        {
          "schema_version": 0,
          "attributes": {
            "address_prefix": "10.0.1.0/24",
            "address_prefixes": [
              "10.0.1.0/24"
            ],
            "delegation": [],
            "enforce_private_link_endpoint_network_policies": false,
            "enforce_private_link_service_network_policies": false,
            "id": "/subscriptions/41e50375-b926-4bc4-9045-348f359cf721/resourceGroups/pers-niels_deen-rg/providers/Microsoft.Network/virtualNetworks/vnettest/subnets/subnettest",
            "name": "subnettest",
            "resource_group_name": "pers-niels_deen-rg",
            "service_endpoint_policy_ids": [],
            "service_endpoints": [],
            "timeouts": null,
            "virtual_network_name": "vnettest"
          },
          "sensitive_attributes": [],
          "private": "eyJlMmJmYjczMC1lY2FhLTExZTYtOGY4OC0zNDM2M2JjN2M0YzAiOnsiY3JlYXRlIjoxODAwMDAwMDAwMDAwLCJkZWxldGUiOjE4MDAwMDAwMDAwMDAsInJlYWQiOjMwMDAwMDAwMDAwMCwidXBkYXRlIjoxODAwMDAwMDAwMDAwfX0=",
          "dependencies": [
            "azurerm_virtual_network.vnet"
          ]
        }
      ]
    },
    {
      "mode": "managed",
      "type": "azurerm_virtual_network",
      "name": "vnet",
      "provider": "provider[\"registry.terraform.io/hashicorp/azurerm\"]",
      "instances": [
        {
          "schema_version": 0,
          "attributes": {
            "address_space": [
              "10.0.0.0/16"
            ],
            "bgp_community": "",
            "ddos_protection_plan": [],
            "dns_servers": [],
            "flow_timeout_in_minutes": 0,
            "guid": "2f7faf8b-13a5-43c1-8b66-dc9b157e68b1",
            "id": "/subscriptions/41e50375-b926-4bc4-9045-348f359cf721/resourceGroups/pers-niels_deen-rg/providers/Microsoft.Network/virtualNetworks/vnettest",
            "location": "westeurope",
            "name": "vnettest",
            "resource_group_name": "pers-niels_deen-rg",
            "subnet": [
              {
                "address_prefix": "10.0.1.0/24",
                "id": "/subscriptions/41e50375-b926-4bc4-9045-348f359cf721/resourceGroups/pers-niels_deen-rg/providers/Microsoft.Network/virtualNetworks/vnettest/subnets/subnettest",
                "name": "subnettest",
                "security_group": ""
              }
            ],
            "tags": {
              "environment": "Test"
            },
            "timeouts": null,
            "vm_protection_enabled": false
          },
          "sensitive_attributes": [],
          "private": "eyJlMmJmYjczMC1lY2FhLTExZTYtOGY4OC0zNDM2M2JjN2M0YzAiOnsiY3JlYXRlIjoxODAwMDAwMDAwMDAwLCJkZWxldGUiOjE4MDAwMDAwMDAwMDAsInJlYWQiOjMwMDAwMDAwMDAwMCwidXBkYXRlIjoxODAwMDAwMDAwMDAwfX0="
        }
      ]
    },
    {
      "mode": "managed",
      "type": "random_id",
      "name": "randomID",
      "provider": "provider[\"registry.terraform.io/hashicorp/random\"]",
      "instances": [
        {
          "schema_version": 0,
          "attributes": {
            "b64_std": "JiPe2wflmzM=",
            "b64_url": "JiPe2wflmzM",
            "byte_length": 8,
            "dec": "2748285229937826611",
            "hex": "2623dedb07e59b33",
            "id": "JiPe2wflmzM",
            "keepers": {
              "resource_group": "pers-niels_deen-rg"
            },
            "prefix": null
          },
          "sensitive_attributes": [],
          "private": "bnVsbA=="
        }
      ]
    },
    {
      "mode": "managed",
      "type": "tls_private_key",
      "name": "ssh_rsa",
      "provider": "provider[\"registry.terraform.io/hashicorp/tls\"]",
      "instances": [
        {
          "schema_version": 0,
          "attributes": {
            "algorithm": "RSA",
            "ecdsa_curve": "P224",
            "id": "77470232ccf23260973c2ed32debdbe1b3d47fda",
            "private_key_pem": "-----BEGIN RSA PRIVATE KEY-----\nMIIJKAIBAAKCAgEA09fDmG89GUGA8KlbYlTADGBzWtQS0ucVvbRC5oto5f3AjPUU\naplMj3mjFWg5DUo+vGd1SkLyIeIZFGTSRdSu/JQquuKS6gRDvfthrqsFZ8HRmlAE\nch/J/VgcMLuFAsyjCV3FqNkfmRKsIvrr3wm3v/xnmE3Q+oDf8ezvClWvf4XwuSol\nEy46DalgdjlEd4lyxXo7Hp50GvIirwIdi1zjrPqt0NI3mewmVTsMzZ9/lkzYpK92\nAF9pTAE/Jt0nzT8BUYVOBy68r0N3UaVKjYmK1wwYEJ1xyrcLVlMQXywzTgm64/xR\n/bXed/PijAF6kupxkm6QwCrjgxnygLnsChdBV4BPv4qMVYDTBoXhDZSqcq87MzAS\nKRuxcSP8XYKxwjDMBUHPykJWg+BTpiMy6RxA7ebOSrsJYObwNwwnAYUhuvalVs50\n7eH8PWzwcxsKxisLj20d/3uwiTMO/s5xDHwt9sb4M/ls5rx1W8Z8/FPS1dYoiBZG\n3b5hrALYl1P1uTGjixpd3hdSnw0YHGMJ/VkwNliTW21LB1pCU6ghnkYWPnjs39Jp\nBTu6VTFQJrgI0QB8AUGqvZ8KaBK3NlF6QGyQRJpUXUx5PjJlCwilFRsTFlN3bvRL\nOKOlXS0XA0rfakdu/ohcNROPOYfGcGN2RzwskX6puR5TWZ1iJ4s6G3vBNPsCAwEA\nAQKCAgAKX3FDYIcEWpG+tvwzh2TT9lEPrHyzeP82h8IS2dasFE2+WS3DvnfiOpmC\nrdTFUtJZlVNH7JlAkXqa5gjpxG1BDtw8xGVfMhBDGDEDRXqBRxtFTA+7qtTQI+VV\neYkcxvpgtge8qc0DSMfG+rRb+nTV4L0N1xmZen/8r5ZQ0jtCqkNMPcUM+GF9U8LW\nZx10IPXOt5p3eFjFDQAnw5nAvi6jxK6IIBL65XZHDBonY1zy9hZRkgncIM/eGd2G\nwKN3SFN/M2DLtz0j89C+3bIV1htHRl9TSPJOc8IJWw3dKyPj+VP+X9d/7czT4MxC\nALyIvxQKkIFj93WmcLnQFcp6AAOB934VeAxxFdOlMVqhKJVxyjmgB2mNixhrl4+M\nBwzQeJUjajpCLJXJlaWn29zkO+fTwvpJZgr4drz3rYbAvb88ySrWTobfZSvrLQDU\nMUuFR7qm3YPe38tu6nt0XBiMMGk+awNF07Q/QhkkspzvMNaOz8U/CG9JXsmLTiJd\nz+bcLIYVk2q5mEuU4cROxPfnvJC3KtD0yeq+aQrT0m8SGhqpAiqbbrlwiECax8QX\nhHFbUy9N0UA0FiGlImlu7YQvqIP3ktv7shWagV2RLuno3juxPZ6f4qxaZmII9Ju0\n5ozrUo18QPMi8CLJ0UVWsDRj7ig6mrnIBSL2+JPxukborKRhyQKCAQEA9jX24aJY\ngsvrOLbJ9Ns9Y8CDBswlDyOGfhAtXSiITugE1jwbiF6lwaEy3VP082IVxGyDrja1\nZrzhOxBtk4SdIEPOu1BdunB6HOQwVNJ9GTOSjDCtasv9Zc/qu9bMInVfOaLz03Zd\nl05pjtMxkmar6LCHO0vgSIpZ8X1EQucwvO80z6o9opjFD+BqoerCWfo70hwbFWmS\nhRHDy/LL8y3C0av3tYAlh23dyiKWXcTiZDwmNPaoW7kXq5kXZ3lzrLoPvnK14Cfg\ntBmMr5HndtR+QEl3gIABZHpNlMfD2WEGFyEArZH7N9gKpnLKtV9kyKnmR/eJ3/eE\nsoAkGV1O0OVr7QKCAQEA3EP8+2i9tXQUHyYTLvVkEdkfSSMoS5R7rob8Uxm87A2l\nDEVj/TjfCuS/k6wMllFZTn53fMxoMYHhi1R2Yw5vamUVaH0KXgH2dIFGrGU7pcDO\nMlG6Hr/K6TfU2LFdEq+rtwAkjDq/NJi49T1QFCt+YkFz1mhgxmva/QpG1u0uR18M\nigT/OlDus/fpLSoGEXGDN+CBxPilHTVHkAF3XZ32rmJdW03t2WIprAjYMBL35qFC\n8/ipx0m21IZH184g2084EFRTu6u0NkBw09eacbOqt7AKVdviEUM0uBZTw/7/8+4J\nd5kDbfdTkn739xPsD3WGXGYtvAGtOcmoUsdsaf8XhwKCAQBPU0Wunrq7sW2gwSvC\nSxy1VeIhP4a1IPIFDbs/5347Rf/A8m7AehYXk5MqwhEKlVCED55Bc/jwF+zNNdbI\nD5L8QTyLFzKLjg+Z3V9BBOwvQXF233wQC5chxWJQkL0GYSCEFl9OgzVWOXpC/QJc\ns92xQ6beUOz7EjA2YPCsSYZnaP5v5d6j02qyWdChSFzD1p6NbGbBeFkvrHCT9i8F\ns3mwSiKuBJKS1q/9nzUpEvUJ7GM27z2BB9p7fACRYw0E2pGV/6lfhhmcjRrJuk2D\n+KSQm9r3uMY6FDmItPAByoPG0ehBA+aXsHCF/jgXRZvYFv1NtJBka4ACbsyyq2Bo\nZ3JlAoIBAAVXLKoX1wmwP9Clhq+LyZpZLlYCoTZ76ifIJBQLurXqesb6Y7s/BsFn\n3HFDKab3X/f0PwdqmVgh8wsCyEAMmIz22HcJGRhAae5XOBRz++c/7n/v1VhrhAr1\njJaYbk5Grh4oxboUrpAi59EiZG+owk61kY5wR3BoKw4ZkrAhXg7i8hXimyGZ1r/M\nUf4DV9RScUEIk3zoHnC/2vVV48QEUXfW8LaHBC5SH/qI2F0KCLKx1ELAE7W+Rs2O\nV+2WlNtcZ1qWANW7CwqJs3KfdqItHgWIIigExc1vWLbh67QD2cbbTaV1s0yWQ5N4\nuqBl/kI9sj1JSPCXBdEx33/qT+meAr8CggEBAOZ7Na7ocDF2wx18EtBjernaJl+I\npq4WLHccZ8XCN1kgSPPLGr2oNMGeLMfyu3yjuGKrWnN2jgrYetsgDkqg07+LsnHt\nKhrLD8QO4DqM/+FOhvnlXGMpbskgFlXiCNqrsW9deKfkeH7uK4S0SNvljN4GDG21\n0QN6WqHi5BmcJeJqExD/GZWlfEcITlx98rSNKQtwGNaoqDS9AbIL7yd9KoidRtVb\n4t0dKSWgJzrjmedyFbba0AM9vU2xt1/2QvA0F72zXfLzqNafJYRyrA62/zcFKsy2\nbhVjH6rmUOXoqYPoi3uel2mLR698vXaa4uE8KdgxX+4+kOBwB2ZzXK67SyA=\n-----END RSA PRIVATE KEY-----\n",
            "public_key_fingerprint_md5": "8f:f5:61:c5:4f:ce:06:8f:e1:7e:69:87:e2:80:ee:1f",
            "public_key_openssh": "ssh-rsa AAAAB3NzaC1yc2EAAAADAQABAAACAQDT18OYbz0ZQYDwqVtiVMAMYHNa1BLS5xW9tELmi2jl/cCM9RRqmUyPeaMVaDkNSj68Z3VKQvIh4hkUZNJF1K78lCq64pLqBEO9+2GuqwVnwdGaUARyH8n9WBwwu4UCzKMJXcWo2R+ZEqwi+uvfCbe//GeYTdD6gN/x7O8KVa9/hfC5KiUTLjoNqWB2OUR3iXLFejsennQa8iKvAh2LXOOs+q3Q0jeZ7CZVOwzNn3+WTNikr3YAX2lMAT8m3SfNPwFRhU4HLryvQ3dRpUqNiYrXDBgQnXHKtwtWUxBfLDNOCbrj/FH9td538+KMAXqS6nGSbpDAKuODGfKAuewKF0FXgE+/ioxVgNMGheENlKpyrzszMBIpG7FxI/xdgrHCMMwFQc/KQlaD4FOmIzLpHEDt5s5Kuwlg5vA3DCcBhSG69qVWznTt4fw9bPBzGwrGKwuPbR3/e7CJMw7+znEMfC32xvgz+WzmvHVbxnz8U9LV1iiIFkbdvmGsAtiXU/W5MaOLGl3eF1KfDRgcYwn9WTA2WJNbbUsHWkJTqCGeRhY+eOzf0mkFO7pVMVAmuAjRAHwBQaq9nwpoErc2UXpAbJBEmlRdTHk+MmULCKUVGxMWU3du9Es4o6VdLRcDSt9qR27+iFw1E485h8ZwY3ZHPCyRfqm5HlNZnWInizobe8E0+w==\n",
            "public_key_pem": "-----BEGIN PUBLIC KEY-----\nMIICIjANBgkqhkiG9w0BAQEFAAOCAg8AMIICCgKCAgEA09fDmG89GUGA8KlbYlTA\nDGBzWtQS0ucVvbRC5oto5f3AjPUUaplMj3mjFWg5DUo+vGd1SkLyIeIZFGTSRdSu\n/JQquuKS6gRDvfthrqsFZ8HRmlAEch/J/VgcMLuFAsyjCV3FqNkfmRKsIvrr3wm3\nv/xnmE3Q+oDf8ezvClWvf4XwuSolEy46DalgdjlEd4lyxXo7Hp50GvIirwIdi1zj\nrPqt0NI3mewmVTsMzZ9/lkzYpK92AF9pTAE/Jt0nzT8BUYVOBy68r0N3UaVKjYmK\n1wwYEJ1xyrcLVlMQXywzTgm64/xR/bXed/PijAF6kupxkm6QwCrjgxnygLnsChdB\nV4BPv4qMVYDTBoXhDZSqcq87MzASKRuxcSP8XYKxwjDMBUHPykJWg+BTpiMy6RxA\n7ebOSrsJYObwNwwnAYUhuvalVs507eH8PWzwcxsKxisLj20d/3uwiTMO/s5xDHwt\n9sb4M/ls5rx1W8Z8/FPS1dYoiBZG3b5hrALYl1P1uTGjixpd3hdSnw0YHGMJ/Vkw\nNliTW21LB1pCU6ghnkYWPnjs39JpBTu6VTFQJrgI0QB8AUGqvZ8KaBK3NlF6QGyQ\nRJpUXUx5PjJlCwilFRsTFlN3bvRLOKOlXS0XA0rfakdu/ohcNROPOYfGcGN2Rzws\nkX6puR5TWZ1iJ4s6G3vBNPsCAwEAAQ==\n-----END PUBLIC KEY-----\n",
            "rsa_bits": 4096
          },
          "sensitive_attributes": [],
          "private": "bnVsbA=="
        }
      ]
    }
  ]
}
